
Microsoft Visual Studio Solution File, Format Version 12.00
# Visual Studio Version 16
VisualStudioVersion = 16.0.30621.155
MinimumVisualStudioVersion = 10.0.40219.1
Project("{FAE04EC0-301F-11D3-BF4B-00C04F79EFBC}") = "InstLiker", "InstLiker.csproj", "{4CB1D6AF-4B8C-4016-91CC-F8F99EE549CD}"
EndProject
Global
	GlobalSection(SolutionConfigurationPlatforms) = preSolution
		Debug|Any CPU = Debug|Any CPU
		Release|Any CPU = Release|Any CPU
	EndGlobalSection
	GlobalSection(ProjectConfigurationPlatforms) = postSolution
		{4CB1D6AF-4B8C-4016-91CC-F8F99EE549CD}.Debug|Any CPU.ActiveCfg = Debug|Any CPU
		{4CB1D6AF-4B8C-4016-91CC-F8F99EE549CD}.Debug|Any CPU.Build.0 = Debug|Any CPU
		{4CB1D6AF-4B8C-4016-91CC-F8F99EE549CD}.Release|Any CPU.ActiveCfg = Release|Any CPU
		{4CB1D6AF-4B8C-4016-91CC-F8F99EE549CD}.Release|Any CPU.Build.0 = Release|Any CPU
	EndGlobalSection
	GlobalSection(SolutionProperties) = preSolution
		HideSolutionNode = FALSE
	EndGlobalSection
	GlobalSection(ExtensibilityGlobals) = postSolution
		SolutionGuid = {5BF89ECC-5A20-4A73-9ECC-75F17E035659}
	EndGlobalSection
EndGlobal
